
Microsoft Visual Studio Solution File, Format Version 12.00
# Visual Studio Version 17
VisualStudioVersion = 17.5.33530.505
MinimumVisualStudioVersion = 10.0.40219.1
Project("{FAE04EC0-301F-11D3-BF4B-00C04F79EFBC}") = "VisitUzbekistana", "VisitUzbekistana.csproj", "{6A9C2547-F47F-4E4D-8427-8B336726048C}"
EndProject
Global
	GlobalSection(SolutionConfigurationPlatforms) = preSolution
		Debug|Any CPU = Debug|Any CPU
		Release|Any CPU = Release|Any CPU
	EndGlobalSection
	GlobalSection(ProjectConfigurationPlatforms) = postSolution
		{6A9C2547-F47F-4E4D-8427-8B336726048C}.Debug|Any CPU.ActiveCfg = Debug|Any CPU
		{6A9C2547-F47F-4E4D-8427-8B336726048C}.Debug|Any CPU.Build.0 = Debug|Any CPU
		{6A9C2547-F47F-4E4D-8427-8B336726048C}.Release|Any CPU.ActiveCfg = Release|Any CPU
		{6A9C2547-F47F-4E4D-8427-8B336726048C}.Release|Any CPU.Build.0 = Release|Any CPU
	EndGlobalSection
	GlobalSection(SolutionProperties) = preSolution
		HideSolutionNode = FALSE
	EndGlobalSection
	GlobalSection(ExtensibilityGlobals) = postSolution
		SolutionGuid = {EFBF4ED1-0170-4D7C-AE96-B280E90C2896}
	EndGlobalSection
EndGlobal
